<?xml version="1.0"?>
<CONFIG>
  <ProjectOptions>
    <Version Value="9"/>
    <PathDelim Value="\"/>
    <General>
      <Flags>
        <LRSInOutputDirectory Value="False"/>
      </Flags>
      <MainUnit Value="0"/>
      <ActiveWindowIndexAtStart Value="0"/>
    </General>
    <VersionInfo>
      <Language Value=""/>
      <CharSet Value=""/>
      <StringTable ProductVersion=""/>
    </VersionInfo>
    <PublishOptions>
      <Version Value="2"/>
      <IgnoreBinaries Value="False"/>
      <IncludeFileFilter Value="*.(pas|pp|inc|lfm|lpr|lrs|lpi|lpk|sh|xml)"/>
      <ExcludeFileFilter Value="*.(bak|ppu|ppw|o|so);*~;backup"/>
    </PublishOptions>
    <RunParams>
      <local>
        <FormatVersion Value="1"/>
        <LaunchingApplication PathPlusParams="/usr/X11R6/bin/xterm -T 'Lazarus Run Output' -e $(LazarusDir)/tools/runwait.sh $(TargetCmdLine)"/>
      </local>
    </RunParams>
    <RequiredPackages Count="1">
      <Item1>
        <PackageName Value="LCL"/>
      </Item1>
    </RequiredPackages>
    <Units Count="14">
      <Unit0>
        <Filename Value="reggerland.lpr"/>
        <IsPartOfProject Value="True"/>
        <EditorIndex Value="5"/>
        <WindowIndex Value="0"/>
        <TopLine Value="1"/>
        <CursorPos X="13" Y="13"/>
        <UsageCount Value="46"/>
        <Loaded Value="True"/>
        <DefaultSyntaxHighlighter Value="Delphi"/>
      </Unit0>
      <Unit1>
        <Filename Value="eggergame.pas"/>
        <IsPartOfProject Value="True"/>
        <UnitName Value="EggerGame"/>
        <IsVisibleTab Value="True"/>
        <EditorIndex Value="1"/>
        <WindowIndex Value="0"/>
        <TopLine Value="181"/>
        <CursorPos X="18" Y="209"/>
        <UsageCount Value="46"/>
        <Loaded Value="True"/>
        <DefaultSyntaxHighlighter Value="Delphi"/>
      </Unit1>
      <Unit2>
        <Filename Value="eggersprite.pas"/>
        <UnitName Value="EggerSprite"/>
        <EditorIndex Value="0"/>
        <WindowIndex Value="0"/>
        <TopLine Value="936"/>
        <CursorPos X="53" Y="946"/>
        <UsageCount Value="24"/>
        <Loaded Value="True"/>
        <DefaultSyntaxHighlighter Value="Delphi"/>
      </Unit2>
      <Unit3>
        <Filename Value="..\..\lib\JEDI-SDLv1.0\SDLSpriteEngine\Pas\sdlsprites.pas"/>
        <UnitName Value="sdlsprites"/>
        <TopLine Value="16"/>
        <CursorPos X="2" Y="37"/>
        <UsageCount Value="7"/>
        <DefaultSyntaxHighlighter Value="Delphi"/>
      </Unit3>
      <Unit4>
        <Filename Value="D:\Lazarus\fpc\2.4.3\source\packages\fcl-base\src\inifiles.pp"/>
        <UnitName Value="IniFiles"/>
        <WindowIndex Value="0"/>
        <TopLine Value="1"/>
        <CursorPos X="1" Y="16"/>
        <UsageCount Value="7"/>
        <DefaultSyntaxHighlighter Value="Delphi"/>
      </Unit4>
      <Unit5>
        <Filename Value="..\..\Lib\JEDI-SDLv1.0\SDL\Pas\logger.pas"/>
        <UnitName Value="logger"/>
        <WindowIndex Value="0"/>
        <TopLine Value="77"/>
        <CursorPos X="4" Y="80"/>
        <UsageCount Value="7"/>
        <DefaultSyntaxHighlighter Value="Delphi"/>
      </Unit5>
      <Unit6>
        <Filename Value="D:\Lazarus\fpc\2.4.3\source\rtl\win\sysutils.pp"/>
        <UnitName Value="sysutils"/>
        <WindowIndex Value="0"/>
        <TopLine Value="24"/>
        <CursorPos X="1" Y="31"/>
        <UsageCount Value="7"/>
        <DefaultSyntaxHighlighter Value="Delphi"/>
      </Unit6>
      <Unit7>
        <Filename Value="D:\Lazarus\lcl\lclintf.pas"/>
        <UnitName Value="LCLIntf"/>
        <WindowIndex Value="0"/>
        <TopLine Value="1"/>
        <CursorPos X="1" Y="1"/>
        <UsageCount Value="7"/>
        <DefaultSyntaxHighlighter Value="Delphi"/>
      </Unit7>
      <Unit8>
        <Filename Value="eggerdata.pas"/>
        <UnitName Value="EggerData"/>
        <EditorIndex Value="6"/>
        <WindowIndex Value="0"/>
        <TopLine Value="128"/>
        <CursorPos X="3" Y="144"/>
        <UsageCount Value="23"/>
        <Loaded Value="True"/>
        <DefaultSyntaxHighlighter Value="Delphi"/>
      </Unit8>
      <Unit9>
        <Filename Value="..\..\..\..\..\t305633\Lazarus.0.9.29\fpc\2.4.3\source\packages\sdl\src\sdl.pas"/>
        <UnitName Value="sdl"/>
        <WindowIndex Value="0"/>
        <TopLine Value="1"/>
        <CursorPos X="1" Y="1"/>
        <UsageCount Value="7"/>
      </Unit9>
      <Unit10>
        <Filename Value="..\..\..\Lib\JEDI-SDLv1.0\SDLSpriteEngine\Pas\sdlsprites.pas"/>
        <UnitName Value="sdlsprites"/>
        <WindowIndex Value="0"/>
        <TopLine Value="21"/>
        <CursorPos X="14" Y="27"/>
        <UsageCount Value="7"/>
        <DefaultSyntaxHighlighter Value="Delphi"/>
      </Unit10>
      <Unit11>
        <Filename Value="..\..\..\Lib\JEDI-SDLv1.0\SDL\Pas\sdl.pas"/>
        <UnitName Value="sdl"/>
        <EditorIndex Value="4"/>
        <WindowIndex Value="0"/>
        <TopLine Value="3045"/>
        <CursorPos X="11" Y="3061"/>
        <UsageCount Value="13"/>
        <Loaded Value="True"/>
        <DefaultSyntaxHighlighter Value="Delphi"/>
      </Unit11>
      <Unit12>
        <Filename Value="..\..\..\..\..\t305633\Lazarus.0.9.29\fpc\2.4.3\source\rtl\inc\objpash.inc"/>
        <EditorIndex Value="2"/>
        <WindowIndex Value="0"/>
        <TopLine Value="178"/>
        <CursorPos X="21" Y="194"/>
        <UsageCount Value="13"/>
        <Loaded Value="True"/>
      </Unit12>
      <Unit13>
        <Filename Value="..\..\..\..\..\t305633\Lazarus.0.9.29\fpc\2.4.3\source\rtl\inc\objpas.inc"/>
        <EditorIndex Value="3"/>
        <WindowIndex Value="0"/>
        <TopLine Value="160"/>
        <CursorPos X="12" Y="163"/>
        <UsageCount Value="13"/>
        <Loaded Value="True"/>
      </Unit13>
    </Units>
    <JumpHistory Count="30" HistoryIndex="29">
      <Position1>
        <Filename Value="EggerData.pas"/>
        <Caret Line="200" Column="1" TopLine="174"/>
      </Position1>
      <Position2>
        <Filename Value="EggerData.pas"/>
        <Caret Line="188" Column="28" TopLine="185"/>
      </Position2>
      <Position3>
        <Filename Value="EggerData.pas"/>
        <Caret Line="189" Column="27" TopLine="172"/>
      </Position3>
      <Position4>
        <Filename Value="EggerData.pas"/>
        <Caret Line="225" Column="26" TopLine="220"/>
      </Position4>
      <Position5>
        <Filename Value="EggerData.pas"/>
        <Caret Line="194" Column="20" TopLine="173"/>
      </Position5>
      <Position6>
        <Filename Value="EggerData.pas"/>
        <Caret Line="191" Column="15" TopLine="178"/>
      </Position6>
      <Position7>
        <Filename Value="EggerData.pas"/>
        <Caret Line="249" Column="1" TopLine="220"/>
      </Position7>
      <Position8>
        <Filename Value="EggerData.pas"/>
        <Caret Line="53" Column="14" TopLine="32"/>
      </Position8>
      <Position9>
        <Filename Value="EggerSprite.pas"/>
        <Caret Line="1458" Column="27" TopLine="1442"/>
      </Position9>
      <Position10>
        <Filename Value="EggerSprite.pas"/>
        <Caret Line="450" Column="43" TopLine="434"/>
      </Position10>
      <Position11>
        <Filename Value="EggerSprite.pas"/>
        <Caret Line="487" Column="54" TopLine="471"/>
      </Position11>
      <Position12>
        <Filename Value="EggerSprite.pas"/>
        <Caret Line="596" Column="25" TopLine="580"/>
      </Position12>
      <Position13>
        <Filename Value="EggerSprite.pas"/>
        <Caret Line="933" Column="46" TopLine="917"/>
      </Position13>
      <Position14>
        <Filename Value="EggerSprite.pas"/>
        <Caret Line="944" Column="45" TopLine="928"/>
      </Position14>
      <Position15>
        <Filename Value="EggerGame.pas"/>
        <Caret Line="11" Column="22" TopLine="1"/>
      </Position15>
      <Position16>
        <Filename Value="EggerGame.pas"/>
        <Caret Line="572" Column="11" TopLine="555"/>
      </Position16>
      <Position17>
        <Filename Value="eggergame.pas"/>
        <Caret Line="671" Column="6" TopLine="648"/>
      </Position17>
      <Position18>
        <Filename Value="eggergame.pas"/>
        <Caret Line="876" Column="33" TopLine="856"/>
      </Position18>
      <Position19>
        <Filename Value="reggerland.lpr"/>
        <Caret Line="3" Column="1" TopLine="1"/>
      </Position19>
      <Position20>
        <Filename Value="reggerland.lpr"/>
        <Caret Line="13" Column="13" TopLine="1"/>
      </Position20>
      <Position21>
        <Filename Value="eggergame.pas"/>
        <Caret Line="258" Column="17" TopLine="240"/>
      </Position21>
      <Position22>
        <Filename Value="eggergame.pas"/>
        <Caret Line="286" Column="31" TopLine="258"/>
      </Position22>
      <Position23>
        <Filename Value="eggergame.pas"/>
        <Caret Line="345" Column="15" TopLine="316"/>
      </Position23>
      <Position24>
        <Filename Value="eggergame.pas"/>
        <Caret Line="362" Column="6" TopLine="332"/>
      </Position24>
      <Position25>
        <Filename Value="eggergame.pas"/>
        <Caret Line="288" Column="10" TopLine="257"/>
      </Position25>
      <Position26>
        <Filename Value="eggergame.pas"/>
        <Caret Line="302" Column="41" TopLine="270"/>
      </Position26>
      <Position27>
        <Filename Value="eggergame.pas"/>
        <Caret Line="52" Column="19" TopLine="31"/>
      </Position27>
      <Position28>
        <Filename Value="eggergame.pas"/>
        <Caret Line="248" Column="8" TopLine="233"/>
      </Position28>
      <Position29>
        <Filename Value="eggergame.pas"/>
        <Caret Line="230" Column="9" TopLine="198"/>
      </Position29>
      <Position30>
        <Filename Value="eggergame.pas"/>
        <Caret Line="210" Column="18" TopLine="186"/>
      </Position30>
    </JumpHistory>
  </ProjectOptions>
  <CompilerOptions>
    <Version Value="9"/>
    <PathDelim Value="\"/>
    <Target>
      <Filename Value="..\reggerland.exe"/>
    </Target>
    <SearchPaths>
      <IncludeFiles Value="..\..\..\lib\JEDI-SDLv1.0\SDL\Pas\"/>
      <OtherUnitFiles Value="..\..\..\lib\JEDI-SDLv1.0\SDL\Pas\;..\..\..\lib\JEDI-SDLv1.0\SDL_Mixer\Pas\;..\..\..\lib\JEDI-SDLv1.0\SDL_Image\Pas\;..\..\..\lib\JEDI-SDLv1.0\smpeg\Pas\;..\..\..\lib\JEDI-SDLv1.0\SDLSpriteEngine\Pas\"/>
      <UnitOutputDirectory Value="..\out"/>
    </SearchPaths>
    <Parsing>
      <SyntaxOptions>
        <SyntaxMode Value="Delphi"/>
        <CStyleOperator Value="False"/>
        <AllowLabel Value="False"/>
        <CPPInline Value="False"/>
        <UseAnsiStrings Value="False"/>
      </SyntaxOptions>
    </Parsing>
    <Linking>
      <Debugging>
        <UseLineInfoUnit Value="False"/>
        <StripSymbols Value="True"/>
      </Debugging>
      <LinkSmart Value="True"/>
    </Linking>
    <Other>
      <CompilerMessages>
        <IgnoredMessages idx5024="True"/>
        <UseMsgFile Value="True"/>
      </CompilerMessages>
      <CompilerPath Value="$(CompPath)"/>
    </Other>
  </CompilerOptions>
</CONFIG>
